lockfileVersion: '9.0'

settings:
  autoInstallPeers: true
  excludeLinksFromLockfile: false

importers:

  .:
    dependencies:
      csv-parse:
        specifier: ^6.1.0
        version: 6.1.0
      csv-stringify:
        specifier: ^6.6.0
        version: 6.6.0

packages:

  csv-parse@6.1.0:
    resolution: {integrity: sha512-CEE+jwpgLn+MmtCpVcPtiCZpVtB6Z2OKPTr34pycYYoL7sxdOkXDdQ4lRiw6ioC0q6BLqhc6cKweCVvral8yhw==}

  csv-stringify@6.6.0:
    resolution: {integrity: sha512-YW32lKOmIBgbxtu3g5SaiqWNwa/9ISQt2EcgOq0+RAIFufFp9is6tqNnKahqE5kuKvrnYAzs28r+s6pXJR8Vcw==}

snapshots:

  csv-parse@6.1.0: {}

  csv-stringify@6.6.0: {}
